// !$*UTF8*$!
{
	archiveVersion = 1;
	classes = {
	};
	objectVersion = 50;
	objects = {

/* Begin PBXBuildFile section */
		C14A9C9A27170F5D00D1DCF5 /* FirstViewControler.swift in Sources */ = {isa = PBXBuildFile; fileRef = C14A9C9927170F5D00D1DCF5 /* FirstViewControler.swift */; };
		C14A9C9C2717B52900D1DCF5 /* DetailViewController.swift in Sources */ = {isa = PBXBuildFile; fileRef = C14A9C9B2717B52900D1DCF5 /* DetailViewController.swift */; };
		C14A9C9E2717B61C00D1DCF5 /* Country.swift in Sources */ = {isa = PBXBuildFile; fileRef = C14A9C9D2717B61C00D1DCF5 /* Country.swift */; };
		C14A9CA3271A2E9300D1DCF5 /* ChallengeViewController.swift in Sources */ = {isa = PBXBuildFile; fileRef = C14A9CA2271A2E9300D1DCF5 /* ChallengeViewController.swift */; };
		C18671E1271C8D3C00D8B22D /* level11.txt in Resources */ = {isa = PBXBuildFile; fileRef = C18671E0271C8D3C00D8B22D /* level11.txt */; };
		C1E5C6802714E9C80071DA7B /* AppDelegate.swift in Sources */ = {isa = PBXBuildFile; fileRef = C1E5C67F2714E9C80071DA7B /* AppDelegate.swift */; };
		C1E5C6822714E9C80071DA7B /* SceneDelegate.swift in Sources */ = {isa = PBXBuildFile; fileRef = C1E5C6812714E9C80071DA7B /* SceneDelegate.swift */; };
		C1E5C6842714E9C80071DA7B /* CountriesViewController.swift in Sources */ = {isa = PBXBuildFile; fileRef = C1E5C6832714E9C80071DA7B /* CountriesViewController.swift */; };
		C1E5C6872714E9C80071DA7B /* Main.storyboard in Resources */ = {isa = PBXBuildFile; fileRef = C1E5C6852714E9C80071DA7B /* Main.storyboard */; };
		C1E5C6892714E9CA0071DA7B /* Assets.xcassets in Resources */ = {isa = PBXBuildFile; fileRef = C1E5C6882714E9CA0071DA7B /* Assets.xcassets */; };
		C1E5C68C2714E9CA0071DA7B /* LaunchScreen.storyboard in Resources */ = {isa = PBXBuildFile; fileRef = C1E5C68A2714E9CA0071DA7B /* LaunchScreen.storyboard */; };
		C1E5C6962714FE7B0071DA7B /* Countries.swift in Sources */ = {isa = PBXBuildFile; fileRef = C1E5C6952714FE7B0071DA7B /* Countries.swift */; };
/* End PBXBuildFile section */

/* Begin PBXFileReference section */
		C14A9C9927170F5D00D1DCF5 /* FirstViewControler.swift */ = {isa = PBXFileReference; lastKnownFileType = sourcecode.swift; path = FirstViewControler.swift; sourceTree = "<group>"; };
		C14A9C9B2717B52900D1DCF5 /* DetailViewController.swift */ = {isa = PBXFileReference; lastKnownFileType = sourcecode.swift; path = DetailViewController.swift; sourceTree = "<group>"; };
		C14A9C9D2717B61C00D1DCF5 /* Country.swift */ = {isa = PBXFileReference; lastKnownFileType = sourcecode.swift; path = Country.swift; sourceTree = "<group>"; };
		C14A9CA2271A2E9300D1DCF5 /* ChallengeViewController.swift */ = {isa = PBXFileReference; lastKnownFileType = sourcecode.swift; path = ChallengeViewController.swift; sourceTree = "<group>"; };
		C18671E0271C8D3C00D8B22D /* level11.txt */ = {isa = PBXFileReference; fileEncoding = 4; lastKnownFileType = text; path = level11.txt; sourceTree = "<group>"; };
		C1E5C67C2714E9C80071DA7B /* CountriesFinal.app */ = {isa = PBXFileReference; explicitFileType = wrapper.application; includeInIndex = 0; path = CountriesFinal.app; sourceTree = BUILT_PRODUCTS_DIR; };
		C1E5C67F2714E9C80071DA7B /* AppDelegate.swift */ = {isa = PBXFileReference; lastKnownFileType = sourcecode.swift; path = AppDelegate.swift; sourceTree = "<group>"; };
		C1E5C6812714E9C80071DA7B /* SceneDelegate.swift */ = {isa = PBXFileReference; lastKnownFileType = sourcecode.swift; path = SceneDelegate.swift; sourceTree = "<group>"; };
		C1E5C6832714E9C80071DA7B /* CountriesViewController.swift */ = {isa = PBXFileReference; lastKnownFileType = sourcecode.swift; path = CountriesViewController.swift; sourceTree = "<group>"; };
		C1E5C6862714E9C80071DA7B /* Base */ = {isa = PBXFileReference; lastKnownFileType = file.storyboard; name = Base; path = Base.lproj/Main.storyboard; sourceTree = "<group>"; };
		C1E5C6882714E9CA0071DA7B /* Assets.xcassets */ = {isa = PBXFileReference; lastKnownFileType = folder.assetcatalog; path = Assets.xcassets; sourceTree = "<group>"; };
		C1E5C68B2714E9CA0071DA7B /* Base */ = {isa = PBXFileReference; lastKnownFileType = file.storyboard; name = Base; path = Base.lproj/LaunchScreen.storyboard; sourceTree = "<group>"; };
		C1E5C68D2714E9CA0071DA7B /* Info.plist */ = {isa = PBXFileReference; lastKnownFileType = text.plist.xml; path = Info.plist; sourceTree = "<group>"; };
		C1E5C6952714FE7B0071DA7B /* Countries.swift */ = {isa = PBXFileReference; lastKnownFileType = sourcecode.swift; path = Countries.swift; sourceTree = "<group>"; };
/* End PBXFileReference section */

/* Begin PBXFrameworksBuildPhase section */
		C1E5C6792714E9C80071DA7B /* Frameworks */ = {
			isa = PBXFrameworksBuildPhase;
			buildActionMask = 2147483647;
			files = (
			);
			runOnlyForDeploymentPostprocessing = 0;
		};
/* End PBXFrameworksBuildPhase section */

/* Begin PBXGroup section */
		C14A9CA1271A1ACE00D1DCF5 /* JSONData */ = {
			isa = PBXGroup;
			children = (
				C14A9C9D2717B61C00D1DCF5 /* Country.swift */,
				C1E5C6952714FE7B0071DA7B /* Countries.swift */,
			);
			path = JSONData;
			sourceTree = "<group>";
		};
		C18671D3271B2A2A00D8B22D /* ViewControllers */ = {
			isa = PBXGroup;
			children = (
				C14A9C9927170F5D00D1DCF5 /* FirstViewControler.swift */,
				C1E5C6832714E9C80071DA7B /* CountriesViewController.swift */,
				C14A9C9B2717B52900D1DCF5 /* DetailViewController.swift */,
			);
			path = ViewControllers;
			sourceTree = "<group>";
		};
		C1E5C6732714E9C70071DA7B = {
			isa = PBXGroup;
			children = (
				C1E5C67E2714E9C80071DA7B /* CountriesFinal */,
				C1E5C67D2714E9C80071DA7B /* Products */,
			);
			sourceTree = "<group>";
		};
		C1E5C67D2714E9C80071DA7B /* Products */ = {
			isa = PBXGroup;
			children = (
				C1E5C67C2714E9C80071DA7B /* CountriesFinal.app */,
			);
			name = Products;
			sourceTree = "<group>";
		};
		C1E5C67E2714E9C80071DA7B /* CountriesFinal */ = {
			isa = PBXGroup;
			children = (
				C1E5C67F2714E9C80071DA7B /* AppDelegate.swift */,
				C1E5C6812714E9C80071DA7B /* SceneDelegate.swift */,
				C18671D3271B2A2A00D8B22D /* ViewControllers */,
				C14A9CA2271A2E9300D1DCF5 /* ChallengeViewController.swift */,
				C14A9CA1271A1ACE00D1DCF5 /* JSONData */,
				C1E5C6852714E9C80071DA7B /* Main.storyboard */,
				C1E5C6882714E9CA0071DA7B /* Assets.xcassets */,
				C1E5C68A2714E9CA0071DA7B /* LaunchScreen.storyboard */,
				C1E5C68D2714E9CA0071DA7B /* Info.plist */,
				C18671E0271C8D3C00D8B22D /* level11.txt */,
			);
			path = CountriesFinal;
			sourceTree = "<group>";
		};
/* End PBXGroup section */

/* Begin PBXNativeTarget section */
		C1E5C67B2714E9C80071DA7B /* CountriesFinal */ = {
			isa = PBXNativeTarget;
			buildConfigurationList = C1E5C6902714E9CA0071DA7B /* Build configuration list for PBXNativeTarget "CountriesFinal" */;
			buildPhases = (
				C1E5C6782714E9C80071DA7B /* Sources */,
				C1E5C6792714E9C80071DA7B /* Frameworks */,
				C1E5C67A2714E9C80071DA7B /* Resources */,
			);
			buildRules = (
			);
			dependencies = (
			);
			name = CountriesFinal;
			productName = CountriesFinal;
			productReference = C1E5C67C2714E9C80071DA7B /* CountriesFinal.app */;
			productType = "com.apple.product-type.application";
		};
/* End PBXNativeTarget section */

/* Begin PBXProject section */
		C1E5C6742714E9C70071DA7B /* Project object */ = {
			isa = PBXProject;
			attributes = {
				LastSwiftUpdateCheck = 1240;
				LastUpgradeCheck = 1240;
				TargetAttributes = {
					C1E5C67B2714E9C80071DA7B = {
						CreatedOnToolsVersion = 12.4;
					};
				};
			};
			buildConfigurationList = C1E5C6772714E9C70071DA7B /* Build configuration list for PBXProject "CountriesFinal" */;
			compatibilityVersion = "Xcode 9.3";
			developmentRegion = en;
			hasScannedForEncodings = 0;
			knownRegions = (
				en,
				Base,
			);
			mainGroup = C1E5C6732714E9C70071DA7B;
			productRefGroup = C1E5C67D2714E9C80071DA7B /* Products */;
			projectDirPath = "";
			projectRoot = "";
			targets = (
				C1E5C67B2714E9C80071DA7B /* CountriesFinal */,
			);
		};
/* End PBXProject section */

/* Begin PBXResourcesBuildPhase section */
		C1E5C67A2714E9C80071DA7B /* Resources */ = {
			isa = PBXResourcesBuildPhase;
			buildActionMask = 2147483647;
			files = (
				C1E5C68C2714E9CA0071DA7B /* LaunchScreen.storyboard in Resources */,
				C1E5C6892714E9CA0071DA7B /* Assets.xcassets in Resources */,
				C1E5C6872714E9C80071DA7B /* Main.storyboard in Resources */,
				C18671E1271C8D3C00D8B22D /* level11.txt in Resources */,
			);
			runOnlyForDeploymentPostprocessing = 0;
		};
/* End PBXResourcesBuildPhase section */

/* Begin PBXSourcesBuildPhase section */
		C1E5C6782714E9C80071DA7B /* Sources */ = {
			isa = PBXSourcesBuildPhase;
			buildActionMask = 2147483647;
			files = (
				C14A9C9E2717B61C00D1DCF5 /* Country.swift in Sources */,
				C14A9C9A27170F5D00D1DCF5 /* FirstViewControler.swift in Sources */,
				C1E5C6842714E9C80071DA7B /* CountriesViewController.swift in Sources */,
				C1E5C6802714E9C80071DA7B /* AppDelegate.swift in Sources */,
				C14A9C9C2717B52900D1DCF5 /* DetailViewController.swift in Sources */,
				C14A9CA3271A2E9300D1DCF5 /* ChallengeViewController.swift in Sources */,
				C1E5C6962714FE7B0071DA7B /* Countries.swift in Sources */,
				C1E5C6822714E9C80071DA7B /* SceneDelegate.swift in Sources */,
			);
			runOnlyForDeploymentPostprocessing = 0;
		};
/* End PBXSourcesBuildPhase section */

/* Begin PBXVariantGroup section */
		C1E5C6852714E9C80071DA7B /* Main.storyboard */ = {
			isa = PBXVariantGroup;
			children = (
				C1E5C6862714E9C80071DA7B /* Base */,
			);
			name = Main.storyboard;
			sourceTree = "<group>";
		};
		C1E5C68A2714E9CA0071DA7B /* LaunchScreen.storyboard */ = {
			isa = PBXVariantGroup;
			children = (
				C1E5C68B2714E9CA0071DA7B /* Base */,
			);
			name = LaunchScreen.storyboard;
			sourceTree = "<group>";
		};
/* End PBXVariantGroup section */

/* Begin XCBuildConfiguration section */
		C1E5C68E2714E9CA0071DA7B /* Debug */ = {
			isa = XCBuildConfiguration;
			buildSettings = {
				ALWAYS_SEARCH_USER_PATHS = NO;
				CLANG_ANALYZER_NONNULL = YES;
				CLANG_ANALYZER_NUMBER_OBJECT_CONVERSION = YES_AGGRESSIVE;
				CLANG_CXX_LANGUAGE_STANDARD = "gnu++14";
				CLANG_CXX_LIBRARY = "libc++";
				CLANG_ENABLE_MODULES = YES;
				CLANG_ENABLE_OBJC_ARC = YES;
				CLANG_ENABLE_OBJC_WEAK = YES;
				CLANG_WARN_BLOCK_CAPTURE_AUTORELEASING = YES;
				CLANG_WARN_BOOL_CONVERSION = YES;
				CLANG_WARN_COMMA = YES;
				CLANG_WARN_CONSTANT_CONVERSION = YES;
				CLANG_WARN_DEPRECATED_OBJC_IMPLEMENTATIONS = YES;
				CLANG_WARN_DIRECT_OBJC_ISA_USAGE = YES_ERROR;
				CLANG_WARN_DOCUMENTATION_COMMENTS = YES;
				CLANG_WARN_EMPTY_BODY = YES;
				CLANG_WARN_ENUM_CONVERSION = YES;
				CLANG_WARN_INFINITE_RECURSION = YES;
				CLANG_WARN_INT_CONVERSION = YES;
				CLANG_WARN_NON_LITERAL_NULL_CONVERSION = YES;
				CLANG_WARN_OBJC_IMPLICIT_RETAIN_SELF = YES;
				CLANG_WARN_OBJC_LITERAL_CONVERSION = YES;
				CLANG_WARN_OBJC_ROOT_CLASS = YES_ERROR;
				CLANG_WARN_QUOTED_INCLUDE_IN_FRAMEWORK_HEADER = YES;
				CLANG_WARN_RANGE_LOOP_ANALYSIS = YES;
				CLANG_WARN_STRICT_PROTOTYPES = YES;
				CLANG_WARN_SUSPICIOUS_MOVE = YES;
				CLANG_WARN_UNGUARDED_AVAILABILITY = YES_AGGRESSIVE;
				CLANG_WARN_UNREACHABLE_CODE = YES;
				CLANG_WARN__DUPLICATE_METHOD_MATCH = YES;
				COPY_PHASE_STRIP = NO;
				DEBUG_INFORMATION_FORMAT = dwarf;
				ENABLE_STRICT_OBJC_MSGSEND = YES;
				ENABLE_TESTABILITY = YES;
				GCC_C_LANGUAGE_STANDARD = gnu11;
				GCC_DYNAMIC_NO_PIC = NO;
				GCC_NO_COMMON_BLOCKS = YES;
				GCC_OPTIMIZATION_LEVEL = 0;
				GCC_PREPROCESSOR_DEFINITIONS = (
					"DEBUG=1",
					"$(inherited)",
				);
				GCC_WARN_64_TO_32_BIT_CONVERSION = YES;
				GCC_WARN_ABOUT_RETURN_TYPE = YES_ERROR;
				GCC_WARN_UNDECLARED_SELECTOR = YES;
				GCC_WARN_UNINITIALIZED_AUTOS = YES_AGGRESSIVE;
				GCC_WARN_UNUSED_FUNCTION = YES;
				GCC_WARN_UNUSED_VARIABLE = YES;
				IPHONEOS_DEPLOYMENT_TARGET = 14.4;
				MTL_ENABLE_DEBUG_INFO = INCLUDE_SOURCE;
				MTL_FAST_MATH = YES;
				ONLY_ACTIVE_ARCH = YES;
				SDKROOT = iphoneos;
				SWIFT_ACTIVE_COMPILATION_CONDITIONS = DEBUG;
				SWIFT_OPTIMIZATION_LEVEL = "-Onone";
			};
			name = Debug;
		};
		C1E5C68F2714E9CA0071DA7B /* Release */ = {
			isa = XCBuildConfiguration;
			buildSettings = {
				ALWAYS_SEARCH_USER_PATHS = NO;
				CLANG_ANALYZER_NONNULL = YES;
				CLANG_ANALYZER_NUMBER_OBJECT_CONVERSION = YES_AGGRESSIVE;
				CLANG_CXX_LANGUAGE_STANDARD = "gnu++14";
				CLANG_CXX_LIBRARY = "libc++";
				CLANG_ENABLE_MODULES = YES;
				CLANG_ENABLE_OBJC_ARC = YES;
				CLANG_ENABLE_OBJC_WEAK = YES;
				CLANG_WARN_BLOCK_CAPTURE_AUTORELEASING = YES;
				CLANG_WARN_BOOL_CONVERSION = YES;
				CLANG_WARN_COMMA = YES;
				CLANG_WARN_CONSTANT_CONVERSION = YES;
				CLANG_WARN_DEPRECATED_OBJC_IMPLEMENTATIONS = YES;
				CLANG_WARN_DIRECT_OBJC_ISA_USAGE = YES_ERROR;
				CLANG_WARN_DOCUMENTATION_COMMENTS = YES;
				CLANG_WARN_EMPTY_BODY = YES;
				CLANG_WARN_ENUM_CONVERSION = YES;
				CLANG_WARN_INFINITE_RECURSION = YES;
				CLANG_WARN_INT_CONVERSION = YES;
				CLANG_WARN_NON_LITERAL_NULL_CONVERSION = YES;
				CLANG_WARN_OBJC_IMPLICIT_RETAIN_SELF = YES;
				CLANG_WARN_OBJC_LITERAL_CONVERSION = YES;
				CLANG_WARN_OBJC_ROOT_CLASS = YES_ERROR;
				CLANG_WARN_QUOTED_INCLUDE_IN_FRAMEWORK_HEADER = YES;
				CLANG_WARN_RANGE_LOOP_ANALYSIS = YES;
				CLANG_WARN_STRICT_PROTOTYPES = YES;
				CLANG_WARN_SUSPICIOUS_MOVE = YES;
				CLANG_WARN_UNGUARDED_AVAILABILITY = YES_AGGRESSIVE;
				CLANG_WARN_UNREACHABLE_CODE = YES;
				CLANG_WARN__DUPLICATE_METHOD_MATCH = YES;
				COPY_PHASE_STRIP = NO;
				DEBUG_INFORMATION_FORMAT = "dwarf-with-dsym";
				ENABLE_NS_ASSERTIONS = NO;
				ENABLE_STRICT_OBJC_MSGSEND = YES;
				GCC_C_LANGUAGE_STANDARD = gnu11;
				GCC_NO_COMMON_BLOCKS = YES;
				GCC_WARN_64_TO_32_BIT_CONVERSION = YES;
				GCC_WARN_ABOUT_RETURN_TYPE = YES_ERROR;
				GCC_WARN_UNDECLARED_SELECTOR = YES;
				GCC_WARN_UNINITIALIZED_AUTOS = YES_AGGRESSIVE;
				GCC_WARN_UNUSED_FUNCTION = YES;
				GCC_WARN_UNUSED_VARIABLE = YES;
				IPHONEOS_DEPLOYMENT_TARGET = 14.4;
				MTL_ENABLE_DEBUG_INFO = NO;
				MTL_FAST_MATH = YES;
				SDKROOT = iphoneos;
				SWIFT_COMPILATION_MODE = wholemodule;
				SWIFT_OPTIMIZATION_LEVEL = "-O";
				VALIDATE_PRODUCT = YES;
			};
			name = Release;
		};
		C1E5C6912714E9CA0071DA7B /* Debug */ = {
			isa = XCBuildConfiguration;
			buildSettings = {
				ASSETCATALOG_COMPILER_APPICON_NAME = "AppIcon-1";
				ASSETCATALOG_COMPILER_GLOBAL_ACCENT_COLOR_NAME = AccentColor;
				ASSETCATALOG_COMPILER_INCLUDE_ALL_APPICON_ASSETS = YES;
				CODE_SIGN_STYLE = Automatic;
				DEVELOPMENT_TEAM = 6Y4YSK5BF4;
				INFOPLIST_FILE = CountriesFinal/Info.plist;
				IPHONEOS_DEPLOYMENT_TARGET = 15.0;
				LD_RUNPATH_SEARCH_PATHS = (
					"$(inherited)",
					"@executable_path/Frameworks",
				);
				PRODUCT_BUNDLE_IDENTIFIER = Dzondzula.CountriesFinal;
				PRODUCT_NAME = "$(TARGET_NAME)";
				SWIFT_VERSION = 5.0;
				TARGETED_DEVICE_FAMILY = 1;
			};
			name = Debug;
		};
		C1E5C6922714E9CA0071DA7B /* Release */ = {
			isa = XCBuildConfiguration;
			buildSettings = {
				ASSETCATALOG_COMPILER_APPICON_NAME = "AppIcon-1";
				ASSETCATALOG_COMPILER_GLOBAL_ACCENT_COLOR_NAME = AccentColor;
				ASSETCATALOG_COMPILER_INCLUDE_ALL_APPICON_ASSETS = YES;
				CODE_SIGN_STYLE = Automatic;
				DEVELOPMENT_TEAM = 6Y4YSK5BF4;
				INFOPLIST_FILE = CountriesFinal/Info.plist;
				IPHONEOS_DEPLOYMENT_TARGET = 15.0;
				LD_RUNPATH_SEARCH_PATHS = (
					"$(inherited)",
					"@executable_path/Frameworks",
				);
				PRODUCT_BUNDLE_IDENTIFIER = Dzondzula.CountriesFinal;
				PRODUCT_NAME = "$(TARGET_NAME)";
				SWIFT_VERSION = 5.0;
				TARGETED_DEVICE_FAMILY = 1;
			};
			name = Release;
		};
/* End XCBuildConfiguration section */

/* Begin XCConfigurationList section */
		C1E5C6772714E9C70071DA7B /* Build configuration list for PBXProject "CountriesFinal" */ = {
			isa = XCConfigurationList;
			buildConfigurations = (
				C1E5C68E2714E9CA0071DA7B /* Debug */,
				C1E5C68F2714E9CA0071DA7B /* Release */,
			);
			defaultConfigurationIsVisible = 0;
			defaultConfigurationName = Release;
		};
		C1E5C6902714E9CA0071DA7B /* Build configuration list for PBXNativeTarget "CountriesFinal" */ = {
			isa = XCConfigurationList;
			buildConfigurations = (
				C1E5C6912714E9CA0071DA7B /* Debug */,
				C1E5C6922714E9CA0071DA7B /* Release */,
			);
			defaultConfigurationIsVisible = 0;
			defaultConfigurationName = Release;
		};
/* End XCConfigurationList section */
	};
	rootObject = C1E5C6742714E9C70071DA7B /* Project object */;
}
